
Microsoft Visual Studio Solution File, Format Version 12.00
# Visual Studio 15
VisualStudioVersion = 15.0.26124.0
MinimumVisualStudioVersion = 15.0.26124.0
Project("{FAE04EC0-301F-11D3-BF4B-00C04F79EFBC}") = "Domain", "Domain\Domain.csproj", "{19E13F3C-4FF6-4582-A188-2042E0C05449}"
EndProject
Project("{FAE04EC0-301F-11D3-BF4B-00C04F79EFBC}") = "Application", "Application\Application.csproj", "{3089D816-A623-41FD-89D5-6CE2C7458393}"
EndProject
Project("{FAE04EC0-301F-11D3-BF4B-00C04F79EFBC}") = "Persistence", "Persistence\Persistence.csproj", "{8832D6E8-2E2E-4190-9233-85AC64BDB5D7}"
EndProject
Project("{FAE04EC0-301F-11D3-BF4B-00C04F79EFBC}") = "API", "API\API.csproj", "{8EFAC9E5-1F79-45AC-BEEB-4A00FDBFC615}"
EndProject
Global
	GlobalSection(SolutionConfigurationPlatforms) = preSolution
		Debug|Any CPU = Debug|Any CPU
		Debug|x64 = Debug|x64
		Debug|x86 = Debug|x86
		Release|Any CPU = Release|Any CPU
		Release|x64 = Release|x64
		Release|x86 = Release|x86
	EndGlobalSection
	GlobalSection(SolutionProperties) = preSolution
		HideSolutionNode = FALSE
	EndGlobalSection
	GlobalSection(ProjectConfigurationPlatforms) = postSolution
		{19E13F3C-4FF6-4582-A188-2042E0C05449}.Debug|Any CPU.ActiveCfg = Debug|Any CPU
		{19E13F3C-4FF6-4582-A188-2042E0C05449}.Debug|Any CPU.Build.0 = Debug|Any CPU
		{19E13F3C-4FF6-4582-A188-2042E0C05449}.Debug|x64.ActiveCfg = Debug|Any CPU
		{19E13F3C-4FF6-4582-A188-2042E0C05449}.Debug|x64.Build.0 = Debug|Any CPU
		{19E13F3C-4FF6-4582-A188-2042E0C05449}.Debug|x86.ActiveCfg = Debug|Any CPU
		{19E13F3C-4FF6-4582-A188-2042E0C05449}.Debug|x86.Build.0 = Debug|Any CPU
		{19E13F3C-4FF6-4582-A188-2042E0C05449}.Release|Any CPU.ActiveCfg = Release|Any CPU
		{19E13F3C-4FF6-4582-A188-2042E0C05449}.Release|Any CPU.Build.0 = Release|Any CPU
		{19E13F3C-4FF6-4582-A188-2042E0C05449}.Release|x64.ActiveCfg = Release|Any CPU
		{19E13F3C-4FF6-4582-A188-2042E0C05449}.Release|x64.Build.0 = Release|Any CPU
		{19E13F3C-4FF6-4582-A188-2042E0C05449}.Release|x86.ActiveCfg = Release|Any CPU
		{19E13F3C-4FF6-4582-A188-2042E0C05449}.Release|x86.Build.0 = Release|Any CPU
		{3089D816-A623-41FD-89D5-6CE2C7458393}.Debug|Any CPU.ActiveCfg = Debug|Any CPU
		{3089D816-A623-41FD-89D5-6CE2C7458393}.Debug|Any CPU.Build.0 = Debug|Any CPU
		{3089D816-A623-41FD-89D5-6CE2C7458393}.Debug|x64.ActiveCfg = Debug|Any CPU
		{3089D816-A623-41FD-89D5-6CE2C7458393}.Debug|x64.Build.0 = Debug|Any CPU
		{3089D816-A623-41FD-89D5-6CE2C7458393}.Debug|x86.ActiveCfg = Debug|Any CPU
		{3089D816-A623-41FD-89D5-6CE2C7458393}.Debug|x86.Build.0 = Debug|Any CPU
		{3089D816-A623-41FD-89D5-6CE2C7458393}.Release|Any CPU.ActiveCfg = Release|Any CPU
		{3089D816-A623-41FD-89D5-6CE2C7458393}.Release|Any CPU.Build.0 = Release|Any CPU
		{3089D816-A623-41FD-89D5-6CE2C7458393}.Release|x64.ActiveCfg = Release|Any CPU
		{3089D816-A623-41FD-89D5-6CE2C7458393}.Release|x64.Build.0 = Release|Any CPU
		{3089D816-A623-41FD-89D5-6CE2C7458393}.Release|x86.ActiveCfg = Release|Any CPU
		{3089D816-A623-41FD-89D5-6CE2C7458393}.Release|x86.Build.0 = Release|Any CPU
		{8832D6E8-2E2E-4190-9233-85AC64BDB5D7}.Debug|Any CPU.ActiveCfg = Debug|Any CPU
		{8832D6E8-2E2E-4190-9233-85AC64BDB5D7}.Debug|Any CPU.Build.0 = Debug|Any CPU
		{8832D6E8-2E2E-4190-9233-85AC64BDB5D7}.Debug|x64.ActiveCfg = Debug|Any CPU
		{8832D6E8-2E2E-4190-9233-85AC64BDB5D7}.Debug|x64.Build.0 = Debug|Any CPU
		{8832D6E8-2E2E-4190-9233-85AC64BDB5D7}.Debug|x86.ActiveCfg = Debug|Any CPU
		{8832D6E8-2E2E-4190-9233-85AC64BDB5D7}.Debug|x86.Build.0 = Debug|Any CPU
		{8832D6E8-2E2E-4190-9233-85AC64BDB5D7}.Release|Any CPU.ActiveCfg = Release|Any CPU
		{8832D6E8-2E2E-4190-9233-85AC64BDB5D7}.Release|Any CPU.Build.0 = Release|Any CPU
		{8832D6E8-2E2E-4190-9233-85AC64BDB5D7}.Release|x64.ActiveCfg = Release|Any CPU
		{8832D6E8-2E2E-4190-9233-85AC64BDB5D7}.Release|x64.Build.0 = Release|Any CPU
		{8832D6E8-2E2E-4190-9233-85AC64BDB5D7}.Release|x86.ActiveCfg = Release|Any CPU
		{8832D6E8-2E2E-4190-9233-85AC64BDB5D7}.Release|x86.Build.0 = Release|Any CPU
		{8EFAC9E5-1F79-45AC-BEEB-4A00FDBFC615}.Debug|Any CPU.ActiveCfg = Debug|Any CPU
		{8EFAC9E5-1F79-45AC-BEEB-4A00FDBFC615}.Debug|Any CPU.Build.0 = Debug|Any CPU
		{8EFAC9E5-1F79-45AC-BEEB-4A00FDBFC615}.Debug|x64.ActiveCfg = Debug|Any CPU
		{8EFAC9E5-1F79-45AC-BEEB-4A00FDBFC615}.Debug|x64.Build.0 = Debug|Any CPU
		{8EFAC9E5-1F79-45AC-BEEB-4A00FDBFC615}.Debug|x86.ActiveCfg = Debug|Any CPU
		{8EFAC9E5-1F79-45AC-BEEB-4A00FDBFC615}.Debug|x86.Build.0 = Debug|Any CPU
		{8EFAC9E5-1F79-45AC-BEEB-4A00FDBFC615}.Release|Any CPU.ActiveCfg = Release|Any CPU
		{8EFAC9E5-1F79-45AC-BEEB-4A00FDBFC615}.Release|Any CPU.Build.0 = Release|Any CPU
		{8EFAC9E5-1F79-45AC-BEEB-4A00FDBFC615}.Release|x64.ActiveCfg = Release|Any CPU
		{8EFAC9E5-1F79-45AC-BEEB-4A00FDBFC615}.Release|x64.Build.0 = Release|Any CPU
		{8EFAC9E5-1F79-45AC-BEEB-4A00FDBFC615}.Release|x86.ActiveCfg = Release|Any CPU
		{8EFAC9E5-1F79-45AC-BEEB-4A00FDBFC615}.Release|x86.Build.0 = Release|Any CPU
	EndGlobalSection
EndGlobal
